# This file is automatically @generated by Cargo.
# It is not intended for manual editing.
version = 4

[[package]]
name = "ee-isa"
version = "0.1.0"

[[package]]
name = "gow-decomp"
version = "0.1.0"
dependencies = [
 "ee-isa",
 "ps2-elf",
]

[[package]]
name = "gowd"
version = "0.1.0"
dependencies = [
 "ee-isa",
 "gow-decomp",
 "ps2-elf",
]

[[package]]
name = "ps2-elf"
version = "0.1.0"
